
Microsoft Visual Studio Solution File, Format Version 12.00
# Visual Studio Version 18
VisualStudioVersion = 18.3.11520.95 d18.3
MinimumVisualStudioVersion = 10.0.40219.1
Project("{FAE04EC0-301F-11D3-BF4B-00C04F79EFBC}") = "CapaPresentacion", "CapaPresentacion\CapaPresentacion.csproj", "{7ABD2558-1943-49F2-9854-ECE0041564B3}"
EndProject
Project("{FAE04EC0-301F-11D3-BF4B-00C04F79EFBC}") = "CapaDatos", "CapaDatos\CapaDatos.csproj", "{ECC236AB-F89E-4633-92B4-03BD9B2964DF}"
EndProject
Project("{FAE04EC0-301F-11D3-BF4B-00C04F79EFBC}") = "CapaNegocio", "CapaNegocio\CapaNegocio.csproj", "{F199EA74-04CE-4E7A-989E-1D629FCA9FD9}"
EndProject
Global
	GlobalSection(SolutionConfigurationPlatforms) = preSolution
		Debug|Any CPU = Debug|Any CPU
		Release|Any CPU = Release|Any CPU
	EndGlobalSection
	GlobalSection(ProjectConfigurationPlatforms) = postSolution
		{7ABD2558-1943-49F2-9854-ECE0041564B3}.Debug|Any CPU.ActiveCfg = Debug|Any CPU
		{7ABD2558-1943-49F2-9854-ECE0041564B3}.Debug|Any CPU.Build.0 = Debug|Any CPU
		{7ABD2558-1943-49F2-9854-ECE0041564B3}.Release|Any CPU.ActiveCfg = Release|Any CPU
		{7ABD2558-1943-49F2-9854-ECE0041564B3}.Release|Any CPU.Build.0 = Release|Any CPU
		{ECC236AB-F89E-4633-92B4-03BD9B2964DF}.Debug|Any CPU.ActiveCfg = Debug|Any CPU
		{ECC236AB-F89E-4633-92B4-03BD9B2964DF}.Debug|Any CPU.Build.0 = Debug|Any CPU
		{ECC236AB-F89E-4633-92B4-03BD9B2964DF}.Release|Any CPU.ActiveCfg = Release|Any CPU
		{ECC236AB-F89E-4633-92B4-03BD9B2964DF}.Release|Any CPU.Build.0 = Release|Any CPU
		{F199EA74-04CE-4E7A-989E-1D629FCA9FD9}.Debug|Any CPU.ActiveCfg = Debug|Any CPU
		{F199EA74-04CE-4E7A-989E-1D629FCA9FD9}.Debug|Any CPU.Build.0 = Debug|Any CPU
		{F199EA74-04CE-4E7A-989E-1D629FCA9FD9}.Release|Any CPU.ActiveCfg = Release|Any CPU
		{F199EA74-04CE-4E7A-989E-1D629FCA9FD9}.Release|Any CPU.Build.0 = Release|Any CPU
	EndGlobalSection
	GlobalSection(SolutionProperties) = preSolution
		HideSolutionNode = FALSE
	EndGlobalSection
	GlobalSection(ExtensibilityGlobals) = postSolution
		SolutionGuid = {A565A8D5-9398-48DD-9A12-2FF606F98A79}
	EndGlobalSection
EndGlobal
